{
  "name": "RMS-Searce",
  "lockfileVersion": 2,
  "requires": true,
  "packages": {
    "": {
      "dependencies": {
        "@mui/joy": "^5.0.0-beta.23"
      }
    },
    "node_modules/@babel/runtime": {
      "version": "7.23.8",
      "resolved": "https://registry.npmjs.org/@babel/runtime/-/runtime-7.23.8.tgz",
      "integrity": "sha512-Y7KbAP984rn1VGMbGqKmBLio9V7y5Je9GvU4rQPCPinCyNfUcToxIXl06d59URp/F3LwinvODxab5N/G6qggkw==",
      "dependencies": {
        "regenerator-runtime": "^0.14.0"
      },
      "engines": {
        "node": ">=6.9.0"
      }
    },
    "node_modules/@babel/runtime/node_modules/regenerator-runtime": {
      "version": "0.14.0",
      "license": "MIT"
    },
    "node_modules/@emotion/cache": {
      "version": "11.11.0",
      "resolved": "https://registry.npmjs.org/@emotion/cache/-/cache-11.11.0.tgz",
      "integrity": "sha512-P34z9ssTCBi3e9EI1ZsWpNHcfY1r09ZO0rZbRO2ob3ZQMnFI35jB536qoXbkdesr5EUhYi22anuEJuyxifaqAQ==",
      "dependencies": {
        "@emotion/memoize": "^0.8.1",
        "@emotion/sheet": "^1.2.2",
        "@emotion/utils": "^1.2.1",
        "@emotion/weak-memoize": "^0.3.1",
        "stylis": "4.2.0"
      }
    },
    "node_modules/@emotion/memoize": {
      "version": "0.8.1",
      "resolved": "https://registry.npmjs.org/@emotion/memoize/-/memoize-0.8.1.tgz",
      "integrity": "sha512-W2P2c/VRW1/1tLox0mVUalvnWXxavmv/Oum2aPsRcoDJuob75FC3Y8FbpfLwUegRcxINtGUMPq0tFCvYNTBXNA=="
    },
    "node_modules/@emotion/sheet": {
      "version": "1.2.2",
      "resolved": "https://registry.npmjs.org/@emotion/sheet/-/sheet-1.2.2.tgz",
      "integrity": "sha512-0QBtGvaqtWi+nx6doRwDdBIzhNdZrXUppvTM4dtZZWEGTXL/XE/yJxLMGlDT1Gt+UHH5IX1n+jkXyytE/av7OA=="
    },
    "node_modules/@emotion/utils": {
      "version": "1.2.1",
      "resolved": "https://registry.npmjs.org/@emotion/utils/-/utils-1.2.1.tgz",
      "integrity": "sha512-Y2tGf3I+XVnajdItskUCn6LX+VUDmP6lTL4fcqsXAv43dnlbZiuW4MWQW38rW/BVWSE7Q/7+XQocmpnRYILUmg=="
    },
    "node_modules/@emotion/weak-memoize": {
      "version": "0.3.1",
      "resolved": "https://registry.npmjs.org/@emotion/weak-memoize/-/weak-memoize-0.3.1.tgz",
      "integrity": "sha512-EsBwpc7hBUJWAsNPBmJy4hxWx12v6bshQsldrVmjxJoc3isbxhOrF2IcCpaXxfvq03NwkI7sbsOLXbYuqF/8Ww=="
    },
    "node_modules/@floating-ui/core": {
      "version": "1.5.3",
      "resolved": "https://registry.npmjs.org/@floating-ui/core/-/core-1.5.3.tgz",
      "integrity": "sha512-O0WKDOo0yhJuugCx6trZQj5jVJ9yR0ystG2JaNAemYUWce+pmM6WUEFIibnWyEJKdrDxhm75NoSRME35FNaM/Q==",
      "dependencies": {
        "@floating-ui/utils": "^0.2.0"
      }
    },
    "node_modules/@floating-ui/dom": {
      "version": "1.5.4",
      "resolved": "https://registry.npmjs.org/@floating-ui/dom/-/dom-1.5.4.tgz",
      "integrity": "sha512-jByEsHIY+eEdCjnTVu+E3ephzTOzkQ8hgUfGwos+bg7NlH33Zc5uO+QHz1mrQUOgIKKDD1RtS201P9NvAfq3XQ==",
      "dependencies": {
        "@floating-ui/core": "^1.5.3",
        "@floating-ui/utils": "^0.2.0"
      }
    },
    "node_modules/@floating-ui/react-dom": {
      "version": "2.0.6",
      "resolved": "https://registry.npmjs.org/@floating-ui/react-dom/-/react-dom-2.0.6.tgz",
      "integrity": "sha512-IB8aCRFxr8nFkdYZgH+Otd9EVQPJoynxeFRGTB8voPoZMRWo8XjYuCRgpI1btvuKY69XMiLnW+ym7zoBHM90Rw==",
      "dependencies": {
        "@floating-ui/dom": "^1.5.4"
      },
      "peerDependencies": {
        "react": ">=16.8.0",
        "react-dom": ">=16.8.0"
      }
    },
    "node_modules/@floating-ui/utils": {
      "version": "0.2.1",
      "resolved": "https://registry.npmjs.org/@floating-ui/utils/-/utils-0.2.1.tgz",
      "integrity": "sha512-9TANp6GPoMtYzQdt54kfAyMmz1+osLlXdg2ENroU7zzrtflTLrrC/lgrIfaSe+Wu0b89GKccT7vxXA0MoAIO+Q=="
    },
    "node_modules/@mui/base": {
      "version": "5.0.0-beta.32",
      "resolved": "https://registry.npmjs.org/@mui/base/-/base-5.0.0-beta.32.tgz",
      "integrity": "sha512-4VptvYeLUYMJhZapWBkD50GmKfOc0XT381KJcTK3ncZYIl8MdBhpR6l8jOyeP5cixUPBJhstjrnmQEAHjCLriw==",
      "dependencies": {
        "@babel/runtime": "^7.23.8",
        "@floating-ui/react-dom": "^2.0.5",
        "@mui/types": "^7.2.13",
        "@mui/utils": "^5.15.5",
        "@popperjs/core": "^2.11.8",
        "clsx": "^2.1.0",
        "prop-types": "^15.8.1"
      },
      "engines": {
        "node": ">=12.0.0"
      },
      "funding": {
        "type": "opencollective",
        "url": "https://opencollective.com/mui-org"
      },
      "peerDependencies": {
        "@types/react": "^17.0.0 || ^18.0.0",
        "react": "^17.0.0 || ^18.0.0",
        "react-dom": "^17.0.0 || ^18.0.0"
      },
      "peerDependenciesMeta": {
        "@types/react": {
          "optional": true
        }
      }
    },
    "node_modules/@mui/core-downloads-tracker": {
      "version": "5.15.5",
      "resolved": "https://registry.npmjs.org/@mui/core-downloads-tracker/-/core-downloads-tracker-5.15.5.tgz",
      "integrity": "sha512-VhT8klyXy8GrWrARqLMoM6Nzz809Jc3Wn5wd7WOZfre2vFO1rBV1dBANAPBhBqpaQI0HCMRTWEYoSyOFgRnz4A==",
      "funding": {
        "type": "opencollective",
        "url": "https://opencollective.com/mui-org"
      }
    },
    "node_modules/@mui/joy": {
      "version": "5.0.0-beta.23",
      "resolved": "https://registry.npmjs.org/@mui/joy/-/joy-5.0.0-beta.23.tgz",
      "integrity": "sha512-Yik+eMYGuZ4ccYYREsaz3TT/h932Hp+tKkQQ1JuRbPtE7EA1zW4ZaO9MuIuMt1/CnmVsPiXnE52A7ElBHCz9uQ==",
      "dependencies": {
        "@babel/runtime": "^7.23.8",
        "@mui/base": "5.0.0-beta.32",
        "@mui/core-downloads-tracker": "^5.15.5",
        "@mui/system": "^5.15.5",
        "@mui/types": "^7.2.13",
        "@mui/utils": "^5.15.5",
        "clsx": "^2.1.0",
        "prop-types": "^15.8.1"
      },
      "engines": {
        "node": ">=12.0.0"
      },
      "funding": {
        "type": "opencollective",
        "url": "https://opencollective.com/mui-org"
      },
      "peerDependencies": {
        "@emotion/react": "^11.5.0",
        "@emotion/styled": "^11.3.0",
        "@types/react": "^17.0.0 || ^18.0.0",
        "react": "^17.0.0 || ^18.0.0",
        "react-dom": "^17.0.0 || ^18.0.0"
      },
      "peerDependenciesMeta": {
        "@emotion/react": {
          "optional": true
        },
        "@emotion/styled": {
          "optional": true
        },
        "@types/react": {
          "optional": true
        }
      }
    },
    "node_modules/@mui/private-theming": {
      "version": "5.15.5",
      "resolved": "https://registry.npmjs.org/@mui/private-theming/-/private-theming-5.15.5.tgz",
      "integrity": "sha512-HU1KCyGNcJFsUamTbOM539ZDZJNI/XU7sZFdsN29glktUf+T6hNvDuO2ISinBiLTZy7Ab3R6DSSoYXRrLc4uwQ==",
      "dependencies": {
        "@babel/runtime": "^7.23.8",
        "@mui/utils": "^5.15.5",
        "prop-types": "^15.8.1"
      },
      "engines": {
        "node": ">=12.0.0"
      },
      "funding": {
        "type": "opencollective",
        "url": "https://opencollective.com/mui-org"
      },
      "peerDependencies": {
        "@types/react": "^17.0.0 || ^18.0.0",
        "react": "^17.0.0 || ^18.0.0"
      },
      "peerDependenciesMeta": {
        "@types/react": {
          "optional": true
        }
      }
    },
    "node_modules/@mui/styled-engine": {
      "version": "5.15.5",
      "resolved": "https://registry.npmjs.org/@mui/styled-engine/-/styled-engine-5.15.5.tgz",
      "integrity": "sha512-xoMUd8h270thNL7ZsOzmlluIAMsQg/HT7SCdRjPBVle+XHgTKaiWiRy1ekDOsrrF0rhjME3T7xeeUq2G269UUw==",
      "dependencies": {
        "@babel/runtime": "^7.23.8",
        "@emotion/cache": "^11.11.0",
        "csstype": "^3.1.2",
        "prop-types": "^15.8.1"
      },
      "engines": {
        "node": ">=12.0.0"
      },
      "funding": {
        "type": "opencollective",
        "url": "https://opencollective.com/mui-org"
      },
      "peerDependencies": {
        "@emotion/react": "^11.4.1",
        "@emotion/styled": "^11.3.0",
        "react": "^17.0.0 || ^18.0.0"
      },
      "peerDependenciesMeta": {
        "@emotion/react": {
          "optional": true
        },
        "@emotion/styled": {
          "optional": true
        }
      }
    },
    "node_modules/@mui/system": {
      "version": "5.15.5",
      "resolved": "https://registry.npmjs.org/@mui/system/-/system-5.15.5.tgz",
      "integrity": "sha512-DMv2vGjUKaDt/m0RlzvLjpKiS5V0LoBhiMUHf5pWdj6uoNlN4FuKUe4pFeYmQMIO5DnVZKybmpPepfkdfEH+Og==",
      "dependencies": {
        "@babel/runtime": "^7.23.8",
        "@mui/private-theming": "^5.15.5",
        "@mui/styled-engine": "^5.15.5",
        "@mui/types": "^7.2.13",
        "@mui/utils": "^5.15.5",
        "clsx": "^2.1.0",
        "csstype": "^3.1.2",
        "prop-types": "^15.8.1"
      },
      "engines": {
        "node": ">=12.0.0"
      },
      "funding": {
        "type": "opencollective",
        "url": "https://opencollective.com/mui-org"
      },
      "peerDependencies": {
        "@emotion/react": "^11.5.0",
        "@emotion/styled": "^11.3.0",
        "@types/react": "^17.0.0 || ^18.0.0",
        "react": "^17.0.0 || ^18.0.0"
      },
      "peerDependenciesMeta": {
        "@emotion/react": {
          "optional": true
        },
        "@emotion/styled": {
          "optional": true
        },
        "@types/react": {
          "optional": true
        }
      }
    },
    "node_modules/@mui/types": {
      "version": "7.2.13",
      "resolved": "https://registry.npmjs.org/@mui/types/-/types-7.2.13.tgz",
      "integrity": "sha512-qP9OgacN62s+l8rdDhSFRe05HWtLLJ5TGclC9I1+tQngbssu0m2dmFZs+Px53AcOs9fD7TbYd4gc9AXzVqO/+g==",
      "peerDependencies": {
        "@types/react": "^17.0.0 || ^18.0.0"
      },
      "peerDependenciesMeta": {
        "@types/react": {
          "optional": true
        }
      }
    },
    "node_modules/@mui/utils": {
      "version": "5.15.5",
      "resolved": "https://registry.npmjs.org/@mui/utils/-/utils-5.15.5.tgz",
      "integrity": "sha512-jEywgaMGZWPSlVFO7ZZAyXxNeLmq5XBp5At9Ne/sGohRJdesUcdxvyi8TP3odJxwQuL5L6PJV+JQ4DyIDM849A==",
      "dependencies": {
        "@babel/runtime": "^7.23.8",
        "@types/prop-types": "^15.7.11",
        "prop-types": "^15.8.1",
        "react-is": "^18.2.0"
      },
      "engines": {
        "node": ">=12.0.0"
      },
      "funding": {
        "type": "opencollective",
        "url": "https://opencollective.com/mui-org"
      },
      "peerDependencies": {
        "@types/react": "^17.0.0 || ^18.0.0",
        "react": "^17.0.0 || ^18.0.0"
      },
      "peerDependenciesMeta": {
        "@types/react": {
          "optional": true
        }
      }
    },
    "node_modules/@mui/utils/node_modules/react-is": {
      "version": "18.2.0",
      "resolved": "https://registry.npmjs.org/react-is/-/react-is-18.2.0.tgz",
      "integrity": "sha512-xWGDIW6x921xtzPkhiULtthJHoJvBbF3q26fzloPCK0hsvxtPVelvftw3zjbHWSkR2km9Z+4uxbDDK/6Zw9B8w=="
    },
    "node_modules/@popperjs/core": {
      "version": "2.11.8",
      "resolved": "https://registry.npmjs.org/@popperjs/core/-/core-2.11.8.tgz",
      "integrity": "sha512-P1st0aksCrn9sGZhp8GMYwBnQsbvAWsZAX44oXNNvLHGqAOcoVxmjZiohstwQ7SqKnbR47akdNi+uleWD8+g6A==",
      "funding": {
        "type": "opencollective",
        "url": "https://opencollective.com/popperjs"
      }
    },
    "node_modules/@types/prop-types": {
      "version": "15.7.11",
      "resolved": "https://registry.npmjs.org/@types/prop-types/-/prop-types-15.7.11.tgz",
      "integrity": "sha512-ga8y9v9uyeiLdpKddhxYQkxNDrfvuPrlFb0N1qnZZByvcElJaXthF1UhvCh9TLWJBEHeNtdnbysW7Y6Uq8CVng=="
    },
    "node_modules/clsx": {
      "version": "2.1.0",
      "resolved": "https://registry.npmjs.org/clsx/-/clsx-2.1.0.tgz",
      "integrity": "sha512-m3iNNWpd9rl3jvvcBnu70ylMdrXt8Vlq4HYadnU5fwcOtvkSQWPmj7amUcDT2qYI7risszBjI5AUIUox9D16pg==",
      "engines": {
        "node": ">=6"
      }
    },
    "node_modules/csstype": {
      "version": "3.1.2",
      "license": "MIT"
    },
    "node_modules/js-tokens": {
      "version": "3.0.2",
      "license": "MIT"
    },
    "node_modules/loose-envify": {
      "version": "1.4.0",
      "license": "MIT",
      "dependencies": {
        "js-tokens": "^3.0.0 || ^4.0.0"
      },
      "bin": {
        "loose-envify": "cli.js"
      }
    },
    "node_modules/object-assign": {
      "version": "4.1.1",
      "license": "MIT",
      "engines": {
        "node": ">=0.10.0"
      }
    },
    "node_modules/prop-types": {
      "version": "15.8.1",
      "license": "MIT",
      "dependencies": {
        "loose-envify": "^1.4.0",
        "object-assign": "^4.1.1",
        "react-is": "^16.13.1"
      }
    },
    "node_modules/react": {
      "version": "18.2.0",
      "license": "MIT",
      "peer": true,
      "dependencies": {
        "loose-envify": "^1.1.0"
      },
      "engines": {
        "node": ">=0.10.0"
      }
    },
    "node_modules/react-dom": {
      "version": "18.2.0",
      "license": "MIT",
      "peer": true,
      "dependencies": {
        "loose-envify": "^1.1.0",
        "scheduler": "^0.23.0"
      },
      "peerDependencies": {
        "react": "^18.2.0"
      }
    },
    "node_modules/react-is": {
      "version": "16.13.1",
      "license": "MIT"
    },
    "node_modules/scheduler": {
      "version": "0.23.0",
      "license": "MIT",
      "peer": true,
      "dependencies": {
        "loose-envify": "^1.1.0"
      }
    },
    "node_modules/stylis": {
      "version": "4.2.0",
      "resolved": "https://registry.npmjs.org/stylis/-/stylis-4.2.0.tgz",
      "integrity": "sha512-Orov6g6BB1sDfYgzWfTHDOxamtX1bE/zo104Dh9e6fqJ3PooipYyfJ0pUmrZO2wAvO8YbEyeFrkV91XTsGMSrw=="
    }
  },
  "dependencies": {
    "@babel/runtime": {
      "version": "7.23.8",
      "resolved": "https://registry.npmjs.org/@babel/runtime/-/runtime-7.23.8.tgz",
      "integrity": "sha512-Y7KbAP984rn1VGMbGqKmBLio9V7y5Je9GvU4rQPCPinCyNfUcToxIXl06d59URp/F3LwinvODxab5N/G6qggkw==",
      "requires": {
        "regenerator-runtime": "^0.14.0"
      },
      "dependencies": {
        "regenerator-runtime": {
          "version": "0.14.0"
        }
      }
    },
    "@emotion/cache": {
      "version": "11.11.0",
      "resolved": "https://registry.npmjs.org/@emotion/cache/-/cache-11.11.0.tgz",
      "integrity": "sha512-P34z9ssTCBi3e9EI1ZsWpNHcfY1r09ZO0rZbRO2ob3ZQMnFI35jB536qoXbkdesr5EUhYi22anuEJuyxifaqAQ==",
      "requires": {
        "@emotion/memoize": "^0.8.1",
        "@emotion/sheet": "^1.2.2",
        "@emotion/utils": "^1.2.1",
        "@emotion/weak-memoize": "^0.3.1",
        "stylis": "4.2.0"
      }
    },
    "@emotion/memoize": {
      "version": "0.8.1",
      "resolved": "https://registry.npmjs.org/@emotion/memoize/-/memoize-0.8.1.tgz",
      "integrity": "sha512-W2P2c/VRW1/1tLox0mVUalvnWXxavmv/Oum2aPsRcoDJuob75FC3Y8FbpfLwUegRcxINtGUMPq0tFCvYNTBXNA=="
    },
    "@emotion/sheet": {
      "version": "1.2.2",
      "resolved": "https://registry.npmjs.org/@emotion/sheet/-/sheet-1.2.2.tgz",
      "integrity": "sha512-0QBtGvaqtWi+nx6doRwDdBIzhNdZrXUppvTM4dtZZWEGTXL/XE/yJxLMGlDT1Gt+UHH5IX1n+jkXyytE/av7OA=="
    },
    "@emotion/utils": {
      "version": "1.2.1",
      "resolved": "https://registry.npmjs.org/@emotion/utils/-/utils-1.2.1.tgz",
      "integrity": "sha512-Y2tGf3I+XVnajdItskUCn6LX+VUDmP6lTL4fcqsXAv43dnlbZiuW4MWQW38rW/BVWSE7Q/7+XQocmpnRYILUmg=="
    },
    "@emotion/weak-memoize": {
      "version": "0.3.1",
      "resolved": "https://registry.npmjs.org/@emotion/weak-memoize/-/weak-memoize-0.3.1.tgz",
      "integrity": "sha512-EsBwpc7hBUJWAsNPBmJy4hxWx12v6bshQsldrVmjxJoc3isbxhOrF2IcCpaXxfvq03NwkI7sbsOLXbYuqF/8Ww=="
    },
    "@floating-ui/core": {
      "version": "1.5.3",
      "resolved": "https://registry.npmjs.org/@floating-ui/core/-/core-1.5.3.tgz",
      "integrity": "sha512-O0WKDOo0yhJuugCx6trZQj5jVJ9yR0ystG2JaNAemYUWce+pmM6WUEFIibnWyEJKdrDxhm75NoSRME35FNaM/Q==",
      "requires": {
        "@floating-ui/utils": "^0.2.0"
      }
    },
    "@floating-ui/dom": {
      "version": "1.5.4",
      "resolved": "https://registry.npmjs.org/@floating-ui/dom/-/dom-1.5.4.tgz",
      "integrity": "sha512-jByEsHIY+eEdCjnTVu+E3ephzTOzkQ8hgUfGwos+bg7NlH33Zc5uO+QHz1mrQUOgIKKDD1RtS201P9NvAfq3XQ==",
      "requires": {
        "@floating-ui/core": "^1.5.3",
        "@floating-ui/utils": "^0.2.0"
      }
    },
    "@floating-ui/react-dom": {
      "version": "2.0.6",
      "resolved": "https://registry.npmjs.org/@floating-ui/react-dom/-/react-dom-2.0.6.tgz",
      "integrity": "sha512-IB8aCRFxr8nFkdYZgH+Otd9EVQPJoynxeFRGTB8voPoZMRWo8XjYuCRgpI1btvuKY69XMiLnW+ym7zoBHM90Rw==",
      "requires": {
        "@floating-ui/dom": "^1.5.4"
      }
    },
    "@floating-ui/utils": {
      "version": "0.2.1",
      "resolved": "https://registry.npmjs.org/@floating-ui/utils/-/utils-0.2.1.tgz",
      "integrity": "sha512-9TANp6GPoMtYzQdt54kfAyMmz1+osLlXdg2ENroU7zzrtflTLrrC/lgrIfaSe+Wu0b89GKccT7vxXA0MoAIO+Q=="
    },
    "@mui/base": {
      "version": "5.0.0-beta.32",
      "resolved": "https://registry.npmjs.org/@mui/base/-/base-5.0.0-beta.32.tgz",
      "integrity": "sha512-4VptvYeLUYMJhZapWBkD50GmKfOc0XT381KJcTK3ncZYIl8MdBhpR6l8jOyeP5cixUPBJhstjrnmQEAHjCLriw==",
      "requires": {
        "@babel/runtime": "^7.23.8",
        "@floating-ui/react-dom": "^2.0.5",
        "@mui/types": "^7.2.13",
        "@mui/utils": "^5.15.5",
        "@popperjs/core": "^2.11.8",
        "clsx": "^2.1.0",
        "prop-types": "^15.8.1"
      }
    },
    "@mui/core-downloads-tracker": {
      "version": "5.15.5",
      "resolved": "https://registry.npmjs.org/@mui/core-downloads-tracker/-/core-downloads-tracker-5.15.5.tgz",
      "integrity": "sha512-VhT8klyXy8GrWrARqLMoM6Nzz809Jc3Wn5wd7WOZfre2vFO1rBV1dBANAPBhBqpaQI0HCMRTWEYoSyOFgRnz4A=="
    },
    "@mui/joy": {
      "version": "5.0.0-beta.23",
      "resolved": "https://registry.npmjs.org/@mui/joy/-/joy-5.0.0-beta.23.tgz",
      "integrity": "sha512-Yik+eMYGuZ4ccYYREsaz3TT/h932Hp+tKkQQ1JuRbPtE7EA1zW4ZaO9MuIuMt1/CnmVsPiXnE52A7ElBHCz9uQ==",
      "requires": {
        "@babel/runtime": "^7.23.8",
        "@mui/base": "5.0.0-beta.32",
        "@mui/core-downloads-tracker": "^5.15.5",
        "@mui/system": "^5.15.5",
        "@mui/types": "^7.2.13",
        "@mui/utils": "^5.15.5",
        "clsx": "^2.1.0",
        "prop-types": "^15.8.1"
      }
    },
    "@mui/private-theming": {
      "version": "5.15.5",
      "resolved": "https://registry.npmjs.org/@mui/private-theming/-/private-theming-5.15.5.tgz",
      "integrity": "sha512-HU1KCyGNcJFsUamTbOM539ZDZJNI/XU7sZFdsN29glktUf+T6hNvDuO2ISinBiLTZy7Ab3R6DSSoYXRrLc4uwQ==",
      "requires": {
        "@babel/runtime": "^7.23.8",
        "@mui/utils": "^5.15.5",
        "prop-types": "^15.8.1"
      }
    },
    "@mui/styled-engine": {
      "version": "5.15.5",
      "resolved": "https://registry.npmjs.org/@mui/styled-engine/-/styled-engine-5.15.5.tgz",
      "integrity": "sha512-xoMUd8h270thNL7ZsOzmlluIAMsQg/HT7SCdRjPBVle+XHgTKaiWiRy1ekDOsrrF0rhjME3T7xeeUq2G269UUw==",
      "requires": {
        "@babel/runtime": "^7.23.8",
        "@emotion/cache": "^11.11.0",
        "csstype": "^3.1.2",
        "prop-types": "^15.8.1"
      }
    },
    "@mui/system": {
      "version": "5.15.5",
      "resolved": "https://registry.npmjs.org/@mui/system/-/system-5.15.5.tgz",
      "integrity": "sha512-DMv2vGjUKaDt/m0RlzvLjpKiS5V0LoBhiMUHf5pWdj6uoNlN4FuKUe4pFeYmQMIO5DnVZKybmpPepfkdfEH+Og==",
      "requires": {
        "@babel/runtime": "^7.23.8",
        "@mui/private-theming": "^5.15.5",
        "@mui/styled-engine": "^5.15.5",
        "@mui/types": "^7.2.13",
        "@mui/utils": "^5.15.5",
        "clsx": "^2.1.0",
        "csstype": "^3.1.2",
        "prop-types": "^15.8.1"
      }
    },
    "@mui/types": {
      "version": "7.2.13",
      "resolved": "https://registry.npmjs.org/@mui/types/-/types-7.2.13.tgz",
      "integrity": "sha512-qP9OgacN62s+l8rdDhSFRe05HWtLLJ5TGclC9I1+tQngbssu0m2dmFZs+Px53AcOs9fD7TbYd4gc9AXzVqO/+g==",
      "requires": {}
    },
    "@mui/utils": {
      "version": "5.15.5",
      "resolved": "https://registry.npmjs.org/@mui/utils/-/utils-5.15.5.tgz",
      "integrity": "sha512-jEywgaMGZWPSlVFO7ZZAyXxNeLmq5XBp5At9Ne/sGohRJdesUcdxvyi8TP3odJxwQuL5L6PJV+JQ4DyIDM849A==",
      "requires": {
        "@babel/runtime": "^7.23.8",
        "@types/prop-types": "^15.7.11",
        "prop-types": "^15.8.1",
        "react-is": "^18.2.0"
      },
      "dependencies": {
        "react-is": {
          "version": "18.2.0",
          "resolved": "https://registry.npmjs.org/react-is/-/react-is-18.2.0.tgz",
          "integrity": "sha512-xWGDIW6x921xtzPkhiULtthJHoJvBbF3q26fzloPCK0hsvxtPVelvftw3zjbHWSkR2km9Z+4uxbDDK/6Zw9B8w=="
        }
      }
    },
    "@popperjs/core": {
      "version": "2.11.8",
      "resolved": "https://registry.npmjs.org/@popperjs/core/-/core-2.11.8.tgz",
      "integrity": "sha512-P1st0aksCrn9sGZhp8GMYwBnQsbvAWsZAX44oXNNvLHGqAOcoVxmjZiohstwQ7SqKnbR47akdNi+uleWD8+g6A=="
    },
    "@types/prop-types": {
      "version": "15.7.11",
      "resolved": "https://registry.npmjs.org/@types/prop-types/-/prop-types-15.7.11.tgz",
      "integrity": "sha512-ga8y9v9uyeiLdpKddhxYQkxNDrfvuPrlFb0N1qnZZByvcElJaXthF1UhvCh9TLWJBEHeNtdnbysW7Y6Uq8CVng=="
    },
    "clsx": {
      "version": "2.1.0",
      "resolved": "https://registry.npmjs.org/clsx/-/clsx-2.1.0.tgz",
      "integrity": "sha512-m3iNNWpd9rl3jvvcBnu70ylMdrXt8Vlq4HYadnU5fwcOtvkSQWPmj7amUcDT2qYI7risszBjI5AUIUox9D16pg=="
    },
    "csstype": {
      "version": "3.1.2"
    },
    "js-tokens": {
      "version": "3.0.2"
    },
    "loose-envify": {
      "version": "1.4.0",
      "requires": {
        "js-tokens": "^3.0.0 || ^4.0.0"
      }
    },
    "object-assign": {
      "version": "4.1.1"
    },
    "prop-types": {
      "version": "15.8.1",
      "requires": {
        "loose-envify": "^1.4.0",
        "object-assign": "^4.1.1",
        "react-is": "^16.13.1"
      }
    },
    "react": {
      "version": "18.2.0",
      "peer": true,
      "requires": {
        "loose-envify": "^1.1.0"
      }
    },
    "react-dom": {
      "version": "18.2.0",
      "peer": true,
      "requires": {
        "loose-envify": "^1.1.0",
        "scheduler": "^0.23.0"
      }
    },
    "react-is": {
      "version": "16.13.1"
    },
    "scheduler": {
      "version": "0.23.0",
      "peer": true,
      "requires": {
        "loose-envify": "^1.1.0"
      }
    },
    "stylis": {
      "version": "4.2.0",
      "resolved": "https://registry.npmjs.org/stylis/-/stylis-4.2.0.tgz",
      "integrity": "sha512-Orov6g6BB1sDfYgzWfTHDOxamtX1bE/zo104Dh9e6fqJ3PooipYyfJ0pUmrZO2wAvO8YbEyeFrkV91XTsGMSrw=="
    }
  }
}
